
Microsoft Visual Studio Solution File, Format Version 12.00
# Visual Studio 15
VisualStudioVersion = 15.0.27130.2010
MinimumVisualStudioVersion = 10.0.40219.1
Project("{FAE04EC0-301F-11D3-BF4B-00C04F79EFBC}") = "TimelapseMP4Creator", "TimelapseMP4Creator\TimelapseMP4Creator.csproj", "{30AE04A4-8AC7-4C22-90C3-0E82F0D32023}"
EndProject
Global
	GlobalSection(SolutionConfigurationPlatforms) = preSolution
		Debug|Any CPU = Debug|Any CPU
		Release|Any CPU = Release|Any CPU
	EndGlobalSection
	GlobalSection(ProjectConfigurationPlatforms) = postSolution
		{30AE04A4-8AC7-4C22-90C3-0E82F0D32023}.Debug|Any CPU.ActiveCfg = Debug|Any CPU
		{30AE04A4-8AC7-4C22-90C3-0E82F0D32023}.Debug|Any CPU.Build.0 = Debug|Any CPU
		{30AE04A4-8AC7-4C22-90C3-0E82F0D32023}.Release|Any CPU.ActiveCfg = Release|Any CPU
		{30AE04A4-8AC7-4C22-90C3-0E82F0D32023}.Release|Any CPU.Build.0 = Release|Any CPU
	EndGlobalSection
	GlobalSection(SolutionProperties) = preSolution
		HideSolutionNode = FALSE
	EndGlobalSection
	GlobalSection(ExtensibilityGlobals) = postSolution
		SolutionGuid = {14DEB477-3C4B-4FCF-BBF8-96ABC3F337FF}
	EndGlobalSection
EndGlobal
